// !$*UTF8*$!
{
	archiveVersion = 1;
	classes = {
	};
	objectVersion = 56;
	objects = {

/* Begin PBXBuildFile section */
		523753F42A813E510085660E /* AppDelegate.swift in Sources */ = {isa = PBXBuildFile; fileRef = 523753F32A813E510085660E /* AppDelegate.swift */; };
		523753F62A813E510085660E /* SceneDelegate.swift in Sources */ = {isa = PBXBuildFile; fileRef = 523753F52A813E510085660E /* SceneDelegate.swift */; };
		523753F82A813E510085660E /* CalculatorVC.swift in Sources */ = {isa = PBXBuildFile; fileRef = 523753F72A813E510085660E /* CalculatorVC.swift */; };
		523753FD2A813E540085660E /* Assets.xcassets in Resources */ = {isa = PBXBuildFile; fileRef = 523753FC2A813E540085660E /* Assets.xcassets */; };
		523754002A813E540085660E /* LaunchScreen.storyboard in Resources */ = {isa = PBXBuildFile; fileRef = 523753FE2A813E540085660E /* LaunchScreen.storyboard */; };
		5237540B2A813E550085660E /* tip_calculatorTests.swift in Sources */ = {isa = PBXBuildFile; fileRef = 5237540A2A813E550085660E /* tip_calculatorTests.swift */; };
		523754152A813E550085660E /* tip_calculatorUITests.swift in Sources */ = {isa = PBXBuildFile; fileRef = 523754142A813E550085660E /* tip_calculatorUITests.swift */; };
		523754172A813E550085660E /* tip_calculatorUITestsLaunchTests.swift in Sources */ = {isa = PBXBuildFile; fileRef = 523754162A813E550085660E /* tip_calculatorUITestsLaunchTests.swift */; };
		523754252A813FB20085660E /* CombineCocoa in Frameworks */ = {isa = PBXBuildFile; productRef = 523754242A813FB20085660E /* CombineCocoa */; };
		523754282A813FFA0085660E /* SnapKit in Frameworks */ = {isa = PBXBuildFile; productRef = 523754272A813FFA0085660E /* SnapKit */; };
		5237542B2A8140840085660E /* CombineCocoa in Frameworks */ = {isa = PBXBuildFile; productRef = 5237542A2A8140840085660E /* CombineCocoa */; };
		5237542E2A8140E10085660E /* SnapshotTesting in Frameworks */ = {isa = PBXBuildFile; productRef = 5237542D2A8140E10085660E /* SnapshotTesting */; };
		523754302A8141080085660E /* CombineCocoa in Frameworks */ = {isa = PBXBuildFile; productRef = 5237542F2A8141080085660E /* CombineCocoa */; };
/* End PBXBuildFile section */

/* Begin PBXContainerItemProxy section */
		523754072A813E550085660E /* PBXContainerItemProxy */ = {
			isa = PBXContainerItemProxy;
			containerPortal = 523753E82A813E510085660E /* Project object */;
			proxyType = 1;
			remoteGlobalIDString = 523753EF2A813E510085660E;
			remoteInfo = "tip-calculator";
		};
		523754112A813E550085660E /* PBXContainerItemProxy */ = {
			isa = PBXContainerItemProxy;
			containerPortal = 523753E82A813E510085660E /* Project object */;
			proxyType = 1;
			remoteGlobalIDString = 523753EF2A813E510085660E;
			remoteInfo = "tip-calculator";
		};
/* End PBXContainerItemProxy section */

/* Begin PBXFileReference section */
		523753F02A813E510085660E /* tip-calculator.app */ = {isa = PBXFileReference; explicitFileType = wrapper.application; includeInIndex = 0; path = "tip-calculator.app"; sourceTree = BUILT_PRODUCTS_DIR; };
		523753F32A813E510085660E /* AppDelegate.swift */ = {isa = PBXFileReference; lastKnownFileType = sourcecode.swift; path = AppDelegate.swift; sourceTree = "<group>"; };
		523753F52A813E510085660E /* SceneDelegate.swift */ = {isa = PBXFileReference; lastKnownFileType = sourcecode.swift; path = SceneDelegate.swift; sourceTree = "<group>"; };
		523753F72A813E510085660E /* CalculatorVC.swift */ = {isa = PBXFileReference; lastKnownFileType = sourcecode.swift; path = CalculatorVC.swift; sourceTree = "<group>"; };
		523753FC2A813E540085660E /* Assets.xcassets */ = {isa = PBXFileReference; lastKnownFileType = folder.assetcatalog; path = Assets.xcassets; sourceTree = "<group>"; };
		523753FF2A813E540085660E /* Base */ = {isa = PBXFileReference; lastKnownFileType = file.storyboard; name = Base; path = Base.lproj/LaunchScreen.storyboard; sourceTree = "<group>"; };
		523754012A813E540085660E /* Info.plist */ = {isa = PBXFileReference; lastKnownFileType = text.plist.xml; path = Info.plist; sourceTree = "<group>"; };
		523754062A813E550085660E /* tip-calculatorTests.xctest */ = {isa = PBXFileReference; explicitFileType = wrapper.cfbundle; includeInIndex = 0; path = "tip-calculatorTests.xctest"; sourceTree = BUILT_PRODUCTS_DIR; };
		5237540A2A813E550085660E /* tip_calculatorTests.swift */ = {isa = PBXFileReference; lastKnownFileType = sourcecode.swift; path = tip_calculatorTests.swift; sourceTree = "<group>"; };
		523754102A813E550085660E /* tip-calculatorUITests.xctest */ = {isa = PBXFileReference; explicitFileType = wrapper.cfbundle; includeInIndex = 0; path = "tip-calculatorUITests.xctest"; sourceTree = BUILT_PRODUCTS_DIR; };
		523754142A813E550085660E /* tip_calculatorUITests.swift */ = {isa = PBXFileReference; lastKnownFileType = sourcecode.swift; path = tip_calculatorUITests.swift; sourceTree = "<group>"; };
		523754162A813E550085660E /* tip_calculatorUITestsLaunchTests.swift */ = {isa = PBXFileReference; lastKnownFileType = sourcecode.swift; path = tip_calculatorUITestsLaunchTests.swift; sourceTree = "<group>"; };
/* End PBXFileReference section */

/* Begin PBXFrameworksBuildPhase section */
		523753ED2A813E510085660E /* Frameworks */ = {
			isa = PBXFrameworksBuildPhase;
			buildActionMask = 2147483647;
			files = (
				523754252A813FB20085660E /* CombineCocoa in Frameworks */,
				523754282A813FFA0085660E /* SnapKit in Frameworks */,
			);
			runOnlyForDeploymentPostprocessing = 0;
		};
		523754032A813E550085660E /* Frameworks */ = {
			isa = PBXFrameworksBuildPhase;
			buildActionMask = 2147483647;
			files = (
				5237542B2A8140840085660E /* CombineCocoa in Frameworks */,
				5237542E2A8140E10085660E /* SnapshotTesting in Frameworks */,
			);
			runOnlyForDeploymentPostprocessing = 0;
		};
		5237540D2A813E550085660E /* Frameworks */ = {
			isa = PBXFrameworksBuildPhase;
			buildActionMask = 2147483647;
			files = (
				523754302A8141080085660E /* CombineCocoa in Frameworks */,
			);
			runOnlyForDeploymentPostprocessing = 0;
		};
/* End PBXFrameworksBuildPhase section */

/* Begin PBXGroup section */
		523753E72A813E510085660E = {
			isa = PBXGroup;
			children = (
				523753F22A813E510085660E /* tip-calculator */,
				523754092A813E550085660E /* tip-calculatorTests */,
				523754132A813E550085660E /* tip-calculatorUITests */,
				523753F12A813E510085660E /* Products */,
				523754292A8140840085660E /* Frameworks */,
			);
			sourceTree = "<group>";
		};
		523753F12A813E510085660E /* Products */ = {
			isa = PBXGroup;
			children = (
				523753F02A813E510085660E /* tip-calculator.app */,
				523754062A813E550085660E /* tip-calculatorTests.xctest */,
				523754102A813E550085660E /* tip-calculatorUITests.xctest */,
			);
			name = Products;
			sourceTree = "<group>";
		};
		523753F22A813E510085660E /* tip-calculator */ = {
			isa = PBXGroup;
			children = (
				523753F32A813E510085660E /* AppDelegate.swift */,
				523753F52A813E510085660E /* SceneDelegate.swift */,
				523753F72A813E510085660E /* CalculatorVC.swift */,
				523753FC2A813E540085660E /* Assets.xcassets */,
				523753FE2A813E540085660E /* LaunchScreen.storyboard */,
				523754012A813E540085660E /* Info.plist */,
			);
			path = "tip-calculator";
			sourceTree = "<group>";
		};
		523754092A813E550085660E /* tip-calculatorTests */ = {
			isa = PBXGroup;
			children = (
				5237540A2A813E550085660E /* tip_calculatorTests.swift */,
			);
			path = "tip-calculatorTests";
			sourceTree = "<group>";
		};
		523754132A813E550085660E /* tip-calculatorUITests */ = {
			isa = PBXGroup;
			children = (
				523754142A813E550085660E /* tip_calculatorUITests.swift */,
				523754162A813E550085660E /* tip_calculatorUITestsLaunchTests.swift */,
			);
			path = "tip-calculatorUITests";
			sourceTree = "<group>";
		};
		523754292A8140840085660E /* Frameworks */ = {
			isa = PBXGroup;
			children = (
			);
			name = Frameworks;
			sourceTree = "<group>";
		};
/* End PBXGroup section */

/* Begin PBXNativeTarget section */
		523753EF2A813E510085660E /* tip-calculator */ = {
			isa = PBXNativeTarget;
			buildConfigurationList = 5237541A2A813E550085660E /* Build configuration list for PBXNativeTarget "tip-calculator" */;
			buildPhases = (
				523753EC2A813E510085660E /* Sources */,
				523753ED2A813E510085660E /* Frameworks */,
				523753EE2A813E510085660E /* Resources */,
			);
			buildRules = (
			);
			dependencies = (
			);
			name = "tip-calculator";
			packageProductDependencies = (
				523754242A813FB20085660E /* CombineCocoa */,
				523754272A813FFA0085660E /* SnapKit */,
			);
			productName = "tip-calculator";
			productReference = 523753F02A813E510085660E /* tip-calculator.app */;
			productType = "com.apple.product-type.application";
		};
		523754052A813E550085660E /* tip-calculatorTests */ = {
			isa = PBXNativeTarget;
			buildConfigurationList = 5237541D2A813E550085660E /* Build configuration list for PBXNativeTarget "tip-calculatorTests" */;
			buildPhases = (
				523754022A813E550085660E /* Sources */,
				523754032A813E550085660E /* Frameworks */,
				523754042A813E550085660E /* Resources */,
			);
			buildRules = (
			);
			dependencies = (
				523754082A813E550085660E /* PBXTargetDependency */,
			);
			name = "tip-calculatorTests";
			packageProductDependencies = (
				5237542A2A8140840085660E /* CombineCocoa */,
				5237542D2A8140E10085660E /* SnapshotTesting */,
			);
			productName = "tip-calculatorTests";
			productReference = 523754062A813E550085660E /* tip-calculatorTests.xctest */;
			productType = "com.apple.product-type.bundle.unit-test";
		};
		5237540F2A813E550085660E /* tip-calculatorUITests */ = {
			isa = PBXNativeTarget;
			buildConfigurationList = 523754202A813E550085660E /* Build configuration list for PBXNativeTarget "tip-calculatorUITests" */;
			buildPhases = (
				5237540C2A813E550085660E /* Sources */,
				5237540D2A813E550085660E /* Frameworks */,
				5237540E2A813E550085660E /* Resources */,
			);
			buildRules = (
			);
			dependencies = (
				523754122A813E550085660E /* PBXTargetDependency */,
			);
			name = "tip-calculatorUITests";
			packageProductDependencies = (
				5237542F2A8141080085660E /* CombineCocoa */,
			);
			productName = "tip-calculatorUITests";
			productReference = 523754102A813E550085660E /* tip-calculatorUITests.xctest */;
			productType = "com.apple.product-type.bundle.ui-testing";
		};
/* End PBXNativeTarget section */

/* Begin PBXProject section */
		523753E82A813E510085660E /* Project object */ = {
			isa = PBXProject;
			attributes = {
				BuildIndependentTargetsInParallel = 1;
				LastSwiftUpdateCheck = 1430;
				LastUpgradeCheck = 1430;
				TargetAttributes = {
					523753EF2A813E510085660E = {
						CreatedOnToolsVersion = 14.3;
					};
					523754052A813E550085660E = {
						CreatedOnToolsVersion = 14.3;
						TestTargetID = 523753EF2A813E510085660E;
					};
					5237540F2A813E550085660E = {
						CreatedOnToolsVersion = 14.3;
						TestTargetID = 523753EF2A813E510085660E;
					};
				};
			};
			buildConfigurationList = 523753EB2A813E510085660E /* Build configuration list for PBXProject "tip-calculator" */;
			compatibilityVersion = "Xcode 14.0";
			developmentRegion = en;
			hasScannedForEncodings = 0;
			knownRegions = (
				en,
				Base,
			);
			mainGroup = 523753E72A813E510085660E;
			packageReferences = (
				523754232A813FB10085660E /* XCRemoteSwiftPackageReference "CombineCocoa" */,
				523754262A813FF90085660E /* XCRemoteSwiftPackageReference "SnapKit" */,
				5237542C2A8140E10085660E /* XCRemoteSwiftPackageReference "swift-snapshot-testing" */,
			);
			productRefGroup = 523753F12A813E510085660E /* Products */;
			projectDirPath = "";
			projectRoot = "";
			targets = (
				523753EF2A813E510085660E /* tip-calculator */,
				523754052A813E550085660E /* tip-calculatorTests */,
				5237540F2A813E550085660E /* tip-calculatorUITests */,
			);
		};
/* End PBXProject section */

/* Begin PBXResourcesBuildPhase section */
		523753EE2A813E510085660E /* Resources */ = {
			isa = PBXResourcesBuildPhase;
			buildActionMask = 2147483647;
			files = (
				523754002A813E540085660E /* LaunchScreen.storyboard in Resources */,
				523753FD2A813E540085660E /* Assets.xcassets in Resources */,
			);
			runOnlyForDeploymentPostprocessing = 0;
		};
		523754042A813E550085660E /* Resources */ = {
			isa = PBXResourcesBuildPhase;
			buildActionMask = 2147483647;
			files = (
			);
			runOnlyForDeploymentPostprocessing = 0;
		};
		5237540E2A813E550085660E /* Resources */ = {
			isa = PBXResourcesBuildPhase;
			buildActionMask = 2147483647;
			files = (
			);
			runOnlyForDeploymentPostprocessing = 0;
		};
/* End PBXResourcesBuildPhase section */

/* Begin PBXSourcesBuildPhase section */
		523753EC2A813E510085660E /* Sources */ = {
			isa = PBXSourcesBuildPhase;
			buildActionMask = 2147483647;
			files = (
				523753F82A813E510085660E /* CalculatorVC.swift in Sources */,
				523753F42A813E510085660E /* AppDelegate.swift in Sources */,
				523753F62A813E510085660E /* SceneDelegate.swift in Sources */,
			);
			runOnlyForDeploymentPostprocessing = 0;
		};
		523754022A813E550085660E /* Sources */ = {
			isa = PBXSourcesBuildPhase;
			buildActionMask = 2147483647;
			files = (
				5237540B2A813E550085660E /* tip_calculatorTests.swift in Sources */,
			);
			runOnlyForDeploymentPostprocessing = 0;
		};
		5237540C2A813E550085660E /* Sources */ = {
			isa = PBXSourcesBuildPhase;
			buildActionMask = 2147483647;
			files = (
				523754172A813E550085660E /* tip_calculatorUITestsLaunchTests.swift in Sources */,
				523754152A813E550085660E /* tip_calculatorUITests.swift in Sources */,
			);
			runOnlyForDeploymentPostprocessing = 0;
		};
/* End PBXSourcesBuildPhase section */

/* Begin PBXTargetDependency section */
		523754082A813E550085660E /* PBXTargetDependency */ = {
			isa = PBXTargetDependency;
			target = 523753EF2A813E510085660E /* tip-calculator */;
			targetProxy = 523754072A813E550085660E /* PBXContainerItemProxy */;
		};
		523754122A813E550085660E /* PBXTargetDependency */ = {
			isa = PBXTargetDependency;
			target = 523753EF2A813E510085660E /* tip-calculator */;
			targetProxy = 523754112A813E550085660E /* PBXContainerItemProxy */;
		};
/* End PBXTargetDependency section */

/* Begin PBXVariantGroup section */
		523753FE2A813E540085660E /* LaunchScreen.storyboard */ = {
			isa = PBXVariantGroup;
			children = (
				523753FF2A813E540085660E /* Base */,
			);
			name = LaunchScreen.storyboard;
			sourceTree = "<group>";
		};
/* End PBXVariantGroup section */

/* Begin XCBuildConfiguration section */
		523754182A813E550085660E /* Debug */ = {
			isa = XCBuildConfiguration;
			buildSettings = {
				ALWAYS_SEARCH_USER_PATHS = NO;
				CLANG_ANALYZER_NONNULL = YES;
				CLANG_ANALYZER_NUMBER_OBJECT_CONVERSION = YES_AGGRESSIVE;
				CLANG_CXX_LANGUAGE_STANDARD = "gnu++20";
				CLANG_ENABLE_MODULES = YES;
				CLANG_ENABLE_OBJC_ARC = YES;
				CLANG_ENABLE_OBJC_WEAK = YES;
				CLANG_WARN_BLOCK_CAPTURE_AUTORELEASING = YES;
				CLANG_WARN_BOOL_CONVERSION = YES;
				CLANG_WARN_COMMA = YES;
				CLANG_WARN_CONSTANT_CONVERSION = YES;
				CLANG_WARN_DEPRECATED_OBJC_IMPLEMENTATIONS = YES;
				CLANG_WARN_DIRECT_OBJC_ISA_USAGE = YES_ERROR;
				CLANG_WARN_DOCUMENTATION_COMMENTS = YES;
				CLANG_WARN_EMPTY_BODY = YES;
				CLANG_WARN_ENUM_CONVERSION = YES;
				CLANG_WARN_INFINITE_RECURSION = YES;
				CLANG_WARN_INT_CONVERSION = YES;
				CLANG_WARN_NON_LITERAL_NULL_CONVERSION = YES;
				CLANG_WARN_OBJC_IMPLICIT_RETAIN_SELF = YES;
				CLANG_WARN_OBJC_LITERAL_CONVERSION = YES;
				CLANG_WARN_OBJC_ROOT_CLASS = YES_ERROR;
				CLANG_WARN_QUOTED_INCLUDE_IN_FRAMEWORK_HEADER = YES;
				CLANG_WARN_RANGE_LOOP_ANALYSIS = YES;
				CLANG_WARN_STRICT_PROTOTYPES = YES;
				CLANG_WARN_SUSPICIOUS_MOVE = YES;
				CLANG_WARN_UNGUARDED_AVAILABILITY = YES_AGGRESSIVE;
				CLANG_WARN_UNREACHABLE_CODE = YES;
				CLANG_WARN__DUPLICATE_METHOD_MATCH = YES;
				COPY_PHASE_STRIP = NO;
				DEBUG_INFORMATION_FORMAT = dwarf;
				ENABLE_STRICT_OBJC_MSGSEND = YES;
				ENABLE_TESTABILITY = YES;
				GCC_C_LANGUAGE_STANDARD = gnu11;
				GCC_DYNAMIC_NO_PIC = NO;
				GCC_NO_COMMON_BLOCKS = YES;
				GCC_OPTIMIZATION_LEVEL = 0;
				GCC_PREPROCESSOR_DEFINITIONS = (
					"DEBUG=1",
					"$(inherited)",
				);
				GCC_WARN_64_TO_32_BIT_CONVERSION = YES;
				GCC_WARN_ABOUT_RETURN_TYPE = YES_ERROR;
				GCC_WARN_UNDECLARED_SELECTOR = YES;
				GCC_WARN_UNINITIALIZED_AUTOS = YES_AGGRESSIVE;
				GCC_WARN_UNUSED_FUNCTION = YES;
				GCC_WARN_UNUSED_VARIABLE = YES;
				IPHONEOS_DEPLOYMENT_TARGET = 16.4;
				MTL_ENABLE_DEBUG_INFO = INCLUDE_SOURCE;
				MTL_FAST_MATH = YES;
				ONLY_ACTIVE_ARCH = YES;
				SDKROOT = iphoneos;
				SWIFT_ACTIVE_COMPILATION_CONDITIONS = DEBUG;
				SWIFT_OPTIMIZATION_LEVEL = "-Onone";
			};
			name = Debug;
		};
		523754192A813E550085660E /* Release */ = {
			isa = XCBuildConfiguration;
			buildSettings = {
				ALWAYS_SEARCH_USER_PATHS = NO;
				CLANG_ANALYZER_NONNULL = YES;
				CLANG_ANALYZER_NUMBER_OBJECT_CONVERSION = YES_AGGRESSIVE;
				CLANG_CXX_LANGUAGE_STANDARD = "gnu++20";
				CLANG_ENABLE_MODULES = YES;
				CLANG_ENABLE_OBJC_ARC = YES;
				CLANG_ENABLE_OBJC_WEAK = YES;
				CLANG_WARN_BLOCK_CAPTURE_AUTORELEASING = YES;
				CLANG_WARN_BOOL_CONVERSION = YES;
				CLANG_WARN_COMMA = YES;
				CLANG_WARN_CONSTANT_CONVERSION = YES;
				CLANG_WARN_DEPRECATED_OBJC_IMPLEMENTATIONS = YES;
				CLANG_WARN_DIRECT_OBJC_ISA_USAGE = YES_ERROR;
				CLANG_WARN_DOCUMENTATION_COMMENTS = YES;
				CLANG_WARN_EMPTY_BODY = YES;
				CLANG_WARN_ENUM_CONVERSION = YES;
				CLANG_WARN_INFINITE_RECURSION = YES;
				CLANG_WARN_INT_CONVERSION = YES;
				CLANG_WARN_NON_LITERAL_NULL_CONVERSION = YES;
				CLANG_WARN_OBJC_IMPLICIT_RETAIN_SELF = YES;
				CLANG_WARN_OBJC_LITERAL_CONVERSION = YES;
				CLANG_WARN_OBJC_ROOT_CLASS = YES_ERROR;
				CLANG_WARN_QUOTED_INCLUDE_IN_FRAMEWORK_HEADER = YES;
				CLANG_WARN_RANGE_LOOP_ANALYSIS = YES;
				CLANG_WARN_STRICT_PROTOTYPES = YES;
				CLANG_WARN_SUSPICIOUS_MOVE = YES;
				CLANG_WARN_UNGUARDED_AVAILABILITY = YES_AGGRESSIVE;
				CLANG_WARN_UNREACHABLE_CODE = YES;
				CLANG_WARN__DUPLICATE_METHOD_MATCH = YES;
				COPY_PHASE_STRIP = NO;
				DEBUG_INFORMATION_FORMAT = "dwarf-with-dsym";
				ENABLE_NS_ASSERTIONS = NO;
				ENABLE_STRICT_OBJC_MSGSEND = YES;
				GCC_C_LANGUAGE_STANDARD = gnu11;
				GCC_NO_COMMON_BLOCKS = YES;
				GCC_WARN_64_TO_32_BIT_CONVERSION = YES;
				GCC_WARN_ABOUT_RETURN_TYPE = YES_ERROR;
				GCC_WARN_UNDECLARED_SELECTOR = YES;
				GCC_WARN_UNINITIALIZED_AUTOS = YES_AGGRESSIVE;
				GCC_WARN_UNUSED_FUNCTION = YES;
				GCC_WARN_UNUSED_VARIABLE = YES;
				IPHONEOS_DEPLOYMENT_TARGET = 16.4;
				MTL_ENABLE_DEBUG_INFO = NO;
				MTL_FAST_MATH = YES;
				SDKROOT = iphoneos;
				SWIFT_COMPILATION_MODE = wholemodule;
				SWIFT_OPTIMIZATION_LEVEL = "-O";
				VALIDATE_PRODUCT = YES;
			};
			name = Release;
		};
		5237541B2A813E550085660E /* Debug */ = {
			isa = XCBuildConfiguration;
			buildSettings = {
				ASSETCATALOG_COMPILER_APPICON_NAME = AppIcon;
				ASSETCATALOG_COMPILER_GLOBAL_ACCENT_COLOR_NAME = AccentColor;
				CODE_SIGN_STYLE = Automatic;
				CURRENT_PROJECT_VERSION = 1;
				GENERATE_INFOPLIST_FILE = YES;
				INFOPLIST_FILE = "tip-calculator/Info.plist";
				INFOPLIST_KEY_UIApplicationSupportsIndirectInputEvents = YES;
				INFOPLIST_KEY_UILaunchStoryboardName = LaunchScreen;
				INFOPLIST_KEY_UISupportedInterfaceOrientations_iPad = "UIInterfaceOrientationPortrait UIInterfaceOrientationPortraitUpsideDown UIInterfaceOrientationLandscapeLeft UIInterfaceOrientationLandscapeRight";
				INFOPLIST_KEY_UISupportedInterfaceOrientations_iPhone = "UIInterfaceOrientationPortrait UIInterfaceOrientationLandscapeLeft UIInterfaceOrientationLandscapeRight";
				LD_RUNPATH_SEARCH_PATHS = (
					"$(inherited)",
					"@executable_path/Frameworks",
				);
				MARKETING_VERSION = 1.0;
				PRODUCT_BUNDLE_IDENTIFIER = "com.app.tipcalculator.tip-calculator";
				PRODUCT_NAME = "$(TARGET_NAME)";
				SWIFT_EMIT_LOC_STRINGS = YES;
				SWIFT_VERSION = 5.0;
				TARGETED_DEVICE_FAMILY = "1,2";
			};
			name = Debug;
		};
		5237541C2A813E550085660E /* Release */ = {
			isa = XCBuildConfiguration;
			buildSettings = {
				ASSETCATALOG_COMPILER_APPICON_NAME = AppIcon;
				ASSETCATALOG_COMPILER_GLOBAL_ACCENT_COLOR_NAME = AccentColor;
				CODE_SIGN_STYLE = Automatic;
				CURRENT_PROJECT_VERSION = 1;
				GENERATE_INFOPLIST_FILE = YES;
				INFOPLIST_FILE = "tip-calculator/Info.plist";
				INFOPLIST_KEY_UIApplicationSupportsIndirectInputEvents = YES;
				INFOPLIST_KEY_UILaunchStoryboardName = LaunchScreen;
				INFOPLIST_KEY_UISupportedInterfaceOrientations_iPad = "UIInterfaceOrientationPortrait UIInterfaceOrientationPortraitUpsideDown UIInterfaceOrientationLandscapeLeft UIInterfaceOrientationLandscapeRight";
				INFOPLIST_KEY_UISupportedInterfaceOrientations_iPhone = "UIInterfaceOrientationPortrait UIInterfaceOrientationLandscapeLeft UIInterfaceOrientationLandscapeRight";
				LD_RUNPATH_SEARCH_PATHS = (
					"$(inherited)",
					"@executable_path/Frameworks",
				);
				MARKETING_VERSION = 1.0;
				PRODUCT_BUNDLE_IDENTIFIER = "com.app.tipcalculator.tip-calculator";
				PRODUCT_NAME = "$(TARGET_NAME)";
				SWIFT_EMIT_LOC_STRINGS = YES;
				SWIFT_VERSION = 5.0;
				TARGETED_DEVICE_FAMILY = "1,2";
			};
			name = Release;
		};
		5237541E2A813E550085660E /* Debug */ = {
			isa = XCBuildConfiguration;
			buildSettings = {
				ALWAYS_EMBED_SWIFT_STANDARD_LIBRARIES = YES;
				BUNDLE_LOADER = "$(TEST_HOST)";
				CODE_SIGN_STYLE = Automatic;
				CURRENT_PROJECT_VERSION = 1;
				GENERATE_INFOPLIST_FILE = YES;
				IPHONEOS_DEPLOYMENT_TARGET = 16.4;
				MARKETING_VERSION = 1.0;
				PRODUCT_BUNDLE_IDENTIFIER = "com.app.tipcalculator.tip-calculatorTests";
				PRODUCT_NAME = "$(TARGET_NAME)";
				SWIFT_EMIT_LOC_STRINGS = NO;
				SWIFT_VERSION = 5.0;
				TARGETED_DEVICE_FAMILY = "1,2";
				TEST_HOST = "$(BUILT_PRODUCTS_DIR)/tip-calculator.app/$(BUNDLE_EXECUTABLE_FOLDER_PATH)/tip-calculator";
			};
			name = Debug;
		};
		5237541F2A813E550085660E /* Release */ = {
			isa = XCBuildConfiguration;
			buildSettings = {
				ALWAYS_EMBED_SWIFT_STANDARD_LIBRARIES = YES;
				BUNDLE_LOADER = "$(TEST_HOST)";
				CODE_SIGN_STYLE = Automatic;
				CURRENT_PROJECT_VERSION = 1;
				GENERATE_INFOPLIST_FILE = YES;
				IPHONEOS_DEPLOYMENT_TARGET = 16.4;
				MARKETING_VERSION = 1.0;
				PRODUCT_BUNDLE_IDENTIFIER = "com.app.tipcalculator.tip-calculatorTests";
				PRODUCT_NAME = "$(TARGET_NAME)";
				SWIFT_EMIT_LOC_STRINGS = NO;
				SWIFT_VERSION = 5.0;
				TARGETED_DEVICE_FAMILY = "1,2";
				TEST_HOST = "$(BUILT_PRODUCTS_DIR)/tip-calculator.app/$(BUNDLE_EXECUTABLE_FOLDER_PATH)/tip-calculator";
			};
			name = Release;
		};
		523754212A813E550085660E /* Debug */ = {
			isa = XCBuildConfiguration;
			buildSettings = {
				ALWAYS_EMBED_SWIFT_STANDARD_LIBRARIES = YES;
				CODE_SIGN_STYLE = Automatic;
				CURRENT_PROJECT_VERSION = 1;
				GENERATE_INFOPLIST_FILE = YES;
				MARKETING_VERSION = 1.0;
				PRODUCT_BUNDLE_IDENTIFIER = "com.app.tipcalculator.tip-calculatorUITests";
				PRODUCT_NAME = "$(TARGET_NAME)";
				SWIFT_EMIT_LOC_STRINGS = NO;
				SWIFT_VERSION = 5.0;
				TARGETED_DEVICE_FAMILY = "1,2";
				TEST_TARGET_NAME = "tip-calculator";
			};
			name = Debug;
		};
		523754222A813E550085660E /* Release */ = {
			isa = XCBuildConfiguration;
			buildSettings = {
				ALWAYS_EMBED_SWIFT_STANDARD_LIBRARIES = YES;
				CODE_SIGN_STYLE = Automatic;
				CURRENT_PROJECT_VERSION = 1;
				GENERATE_INFOPLIST_FILE = YES;
				MARKETING_VERSION = 1.0;
				PRODUCT_BUNDLE_IDENTIFIER = "com.app.tipcalculator.tip-calculatorUITests";
				PRODUCT_NAME = "$(TARGET_NAME)";
				SWIFT_EMIT_LOC_STRINGS = NO;
				SWIFT_VERSION = 5.0;
				TARGETED_DEVICE_FAMILY = "1,2";
				TEST_TARGET_NAME = "tip-calculator";
			};
			name = Release;
		};
/* End XCBuildConfiguration section */

/* Begin XCConfigurationList section */
		523753EB2A813E510085660E /* Build configuration list for PBXProject "tip-calculator" */ = {
			isa = XCConfigurationList;
			buildConfigurations = (
				523754182A813E550085660E /* Debug */,
				523754192A813E550085660E /* Release */,
			);
			defaultConfigurationIsVisible = 0;
			defaultConfigurationName = Release;
		};
		5237541A2A813E550085660E /* Build configuration list for PBXNativeTarget "tip-calculator" */ = {
			isa = XCConfigurationList;
			buildConfigurations = (
				5237541B2A813E550085660E /* Debug */,
				5237541C2A813E550085660E /* Release */,
			);
			defaultConfigurationIsVisible = 0;
			defaultConfigurationName = Release;
		};
		5237541D2A813E550085660E /* Build configuration list for PBXNativeTarget "tip-calculatorTests" */ = {
			isa = XCConfigurationList;
			buildConfigurations = (
				5237541E2A813E550085660E /* Debug */,
				5237541F2A813E550085660E /* Release */,
			);
			defaultConfigurationIsVisible = 0;
			defaultConfigurationName = Release;
		};
		523754202A813E550085660E /* Build configuration list for PBXNativeTarget "tip-calculatorUITests" */ = {
			isa = XCConfigurationList;
			buildConfigurations = (
				523754212A813E550085660E /* Debug */,
				523754222A813E550085660E /* Release */,
			);
			defaultConfigurationIsVisible = 0;
			defaultConfigurationName = Release;
		};
/* End XCConfigurationList section */

/* Begin XCRemoteSwiftPackageReference section */
		523754232A813FB10085660E /* XCRemoteSwiftPackageReference "CombineCocoa" */ = {
			isa = XCRemoteSwiftPackageReference;
			repositoryURL = "https://github.com/CombineCommunity/CombineCocoa";
			requirement = {
				kind = upToNextMinorVersion;
				minimumVersion = 0.4.1;
			};
		};
		523754262A813FF90085660E /* XCRemoteSwiftPackageReference "SnapKit" */ = {
			isa = XCRemoteSwiftPackageReference;
			repositoryURL = "https://github.com/SnapKit/SnapKit";
			requirement = {
				kind = upToNextMinorVersion;
				minimumVersion = 5.6.0;
			};
		};
		5237542C2A8140E10085660E /* XCRemoteSwiftPackageReference "swift-snapshot-testing" */ = {
			isa = XCRemoteSwiftPackageReference;
			repositoryURL = "https://github.com/pointfreeco/swift-snapshot-testing";
			requirement = {
				kind = upToNextMinorVersion;
				minimumVersion = 1.11.0;
			};
		};
/* End XCRemoteSwiftPackageReference section */

/* Begin XCSwiftPackageProductDependency section */
		523754242A813FB20085660E /* CombineCocoa */ = {
			isa = XCSwiftPackageProductDependency;
			package = 523754232A813FB10085660E /* XCRemoteSwiftPackageReference "CombineCocoa" */;
			productName = CombineCocoa;
		};
		523754272A813FFA0085660E /* SnapKit */ = {
			isa = XCSwiftPackageProductDependency;
			package = 523754262A813FF90085660E /* XCRemoteSwiftPackageReference "SnapKit" */;
			productName = SnapKit;
		};
		5237542A2A8140840085660E /* CombineCocoa */ = {
			isa = XCSwiftPackageProductDependency;
			package = 523754232A813FB10085660E /* XCRemoteSwiftPackageReference "CombineCocoa" */;
			productName = CombineCocoa;
		};
		5237542D2A8140E10085660E /* SnapshotTesting */ = {
			isa = XCSwiftPackageProductDependency;
			package = 5237542C2A8140E10085660E /* XCRemoteSwiftPackageReference "swift-snapshot-testing" */;
			productName = SnapshotTesting;
		};
		5237542F2A8141080085660E /* CombineCocoa */ = {
			isa = XCSwiftPackageProductDependency;
			package = 523754232A813FB10085660E /* XCRemoteSwiftPackageReference "CombineCocoa" */;
			productName = CombineCocoa;
		};
/* End XCSwiftPackageProductDependency section */
	};
	rootObject = 523753E82A813E510085660E /* Project object */;
}
